<?xml version="1.0" encoding="UTF-8" standalone="yes" ?>
<CodeBlocks_project_file>
	<FileVersion major="1" minor="6" />
	<Project>
		<Option title="Vulkanisation" />
		<Option pch_mode="2" />
		<Option compiler="gcc" />
		<Build>
			<Target title="Debug">
				<Option output="bin/Debug/Vulkanisation" prefix_auto="1" extension_auto="1" />
				<Option object_output="obj/Debug/" />
				<Option type="1" />
				<Option compiler="gcc" />
				<Compiler>
					<Add option="-g" />
					<Add directory="libraries/include" />
				</Compiler>
				<Linker>
					<Add library="libraries/shared/lib/libglfw3dll.a" />
					<Add library="libraries/shared/lib/libassimp.dll.a" />
				</Linker>
			</Target>
			<Target title="Release">
				<Option output="bin/Release/Vulkanisation" prefix_auto="1" extension_auto="1" />
				<Option object_output="obj/Release/" />
				<Option type="1" />
				<Option compiler="gcc" />
				<Compiler>
					<Add option="-O2" />
				</Compiler>
				<Linker>
					<Add option="-s" />
				</Linker>
			</Target>
		</Build>
		<Compiler>
			<Add option="-Wall" />
		</Compiler>
		<Unit filename="assorted.cpp" />
		<Unit filename="assorted.h" />
		<Unit filename="main.cpp" />
		<Unit filename="mesh.cpp" />
		<Unit filename="mesh.h" />
		<Unit filename="shaders/normal.frag" />
		<Unit filename="shaders/normal.geom" />
		<Unit filename="shaders/normal.vert" />
		<Unit filename="shaders/screen.frag" />
		<Unit filename="shaders/screen.vert" />
		<Unit filename="shaders/simple.frag" />
		<Unit filename="shaders/simple.vert" />
		<Unit filename="texture.cpp" />
		<Unit filename="texture.h" />
		<Unit filename="vulkanDefinitions.cpp" />
		<Unit filename="vulkanDefinitions.h" />
		<Extensions>
			<code_completion />
			<envvars />
			<debugger />
			<lib_finder disable_auto="1" />
		</Extensions>
	</Project>
</CodeBlocks_project_file>
